
Microsoft Visual Studio Solution File, Format Version 12.00
# Visual Studio Version 16
VisualStudioVersion = 16.0.30711.63
MinimumVisualStudioVersion = 10.0.40219.1
Project("{FAE04EC0-301F-11D3-BF4B-00C04F79EFBC}") = "SportStore", "SportStore.csproj", "{55233D60-7570-4937-B77D-51052FCAC29D}"
EndProject
Project("{FAE04EC0-301F-11D3-BF4B-00C04F79EFBC}") = "SportStore.Tests", "..\SportStore.Tests\SportStore.Tests.csproj", "{143427BE-C0F2-41AF-9CEE-D7C34B1C8C70}"
EndProject
Global
	GlobalSection(SolutionConfigurationPlatforms) = preSolution
		Debug|Any CPU = Debug|Any CPU
		Release|Any CPU = Release|Any CPU
	EndGlobalSection
	GlobalSection(ProjectConfigurationPlatforms) = postSolution
		{55233D60-7570-4937-B77D-51052FCAC29D}.Debug|Any CPU.ActiveCfg = Debug|Any CPU
		{55233D60-7570-4937-B77D-51052FCAC29D}.Debug|Any CPU.Build.0 = Debug|Any CPU
		{55233D60-7570-4937-B77D-51052FCAC29D}.Release|Any CPU.ActiveCfg = Release|Any CPU
		{55233D60-7570-4937-B77D-51052FCAC29D}.Release|Any CPU.Build.0 = Release|Any CPU
		{143427BE-C0F2-41AF-9CEE-D7C34B1C8C70}.Debug|Any CPU.ActiveCfg = Debug|Any CPU
		{143427BE-C0F2-41AF-9CEE-D7C34B1C8C70}.Debug|Any CPU.Build.0 = Debug|Any CPU
		{143427BE-C0F2-41AF-9CEE-D7C34B1C8C70}.Release|Any CPU.ActiveCfg = Release|Any CPU
		{143427BE-C0F2-41AF-9CEE-D7C34B1C8C70}.Release|Any CPU.Build.0 = Release|Any CPU
	EndGlobalSection
	GlobalSection(SolutionProperties) = preSolution
		HideSolutionNode = FALSE
	EndGlobalSection
	GlobalSection(ExtensibilityGlobals) = postSolution
		SolutionGuid = {26848834-F02C-40FF-B224-3A9460EDCD6F}
	EndGlobalSection
EndGlobal
